
Microsoft Visual Studio Solution File, Format Version 12.00
# Visual Studio Version 17
VisualStudioVersion = 17.11.35303.130
MinimumVisualStudioVersion = 10.0.40219.1
Project("{2150E333-8FDC-42A3-9474-1A3956D46DE8}") = "Task0", "Task0", "{D8A7AAC2-A27C-4E7B-8E3D-B1EF406A7CC9}"
EndProject
Project("{FAE04EC0-301F-11D3-BF4B-00C04F79EFBC}") = "Tyuiu.NikiforovFA.Sprint2.Task0.V3", "Tyuiu.NikiforovFA.Sprint2.Task0.V3\Tyuiu.NikiforovFA.Sprint2.Task0.V3.csproj", "{56DC0DC5-4E6B-4EF4-95E3-C57627911D57}"
EndProject
Project("{FAE04EC0-301F-11D3-BF4B-00C04F79EFBC}") = "Tyuiu.NikiforovFA.Sprint2.Task0.V3.Lib", "Tyuiu.NikiforovFA.Sprint2.Task0.V3.Lib\Tyuiu.NikiforovFA.Sprint2.Task0.V3.Lib.csproj", "{10EEDA49-7357-4422-B0A9-BE2643B579F0}"
EndProject
Project("{FAE04EC0-301F-11D3-BF4B-00C04F79EFBC}") = "Tyuiu.NikiforovFA.Sprint2.Task0.V3.Test", "Tyuiu.NikiforovFA.Sprint2.Task0.V3.Test\Tyuiu.NikiforovFA.Sprint2.Task0.V3.Test.csproj", "{0E0F59F1-0FDD-49EA-8D00-0A2B56AB0D60}"
EndProject
Project("{2150E333-8FDC-42A3-9474-1A3956D46DE8}") = "Task1", "Task1", "{9EEA5F48-267F-4555-9C5C-2C849D0297CB}"
EndProject
Project("{FAE04EC0-301F-11D3-BF4B-00C04F79EFBC}") = "Tyuiu.NikiforovFA.Sprint2.Task1.V17", "Tyuiu.NikiforovFA.Sprint2.Task1.V17\Tyuiu.NikiforovFA.Sprint2.Task1.V17.csproj", "{A1D0420D-7B70-4E45-B651-878512E5CEF9}"
EndProject
Project("{FAE04EC0-301F-11D3-BF4B-00C04F79EFBC}") = "Tyuiu.NikiforovFA.Sprint2.Task1.V17.Lib", "Tyuiu.NikiforovFA.Sprint2.Task1.V17.Lib\Tyuiu.NikiforovFA.Sprint2.Task1.V17.Lib.csproj", "{873A6006-9511-4F14-95C0-2AFB26D4CD4A}"
EndProject
Project("{FAE04EC0-301F-11D3-BF4B-00C04F79EFBC}") = "Tyuiu.NikiforovFA.Sprint2.Task1.V17.Test", "Tyuiu.NikiforovFA.Sprint2.Task1.V17.Test\Tyuiu.NikiforovFA.Sprint2.Task1.V17.Test.csproj", "{EC1E2EAB-75E8-4C75-86A0-DDA8D70E8F86}"
EndProject
Global
	GlobalSection(SolutionConfigurationPlatforms) = preSolution
		Debug|Any CPU = Debug|Any CPU
		Release|Any CPU = Release|Any CPU
	EndGlobalSection
	GlobalSection(ProjectConfigurationPlatforms) = postSolution
		{56DC0DC5-4E6B-4EF4-95E3-C57627911D57}.Debug|Any CPU.ActiveCfg = Debug|Any CPU
		{56DC0DC5-4E6B-4EF4-95E3-C57627911D57}.Debug|Any CPU.Build.0 = Debug|Any CPU
		{56DC0DC5-4E6B-4EF4-95E3-C57627911D57}.Release|Any CPU.ActiveCfg = Release|Any CPU
		{56DC0DC5-4E6B-4EF4-95E3-C57627911D57}.Release|Any CPU.Build.0 = Release|Any CPU
		{10EEDA49-7357-4422-B0A9-BE2643B579F0}.Debug|Any CPU.ActiveCfg = Debug|Any CPU
		{10EEDA49-7357-4422-B0A9-BE2643B579F0}.Debug|Any CPU.Build.0 = Debug|Any CPU
		{10EEDA49-7357-4422-B0A9-BE2643B579F0}.Release|Any CPU.ActiveCfg = Release|Any CPU
		{10EEDA49-7357-4422-B0A9-BE2643B579F0}.Release|Any CPU.Build.0 = Release|Any CPU
		{0E0F59F1-0FDD-49EA-8D00-0A2B56AB0D60}.Debug|Any CPU.ActiveCfg = Debug|Any CPU
		{0E0F59F1-0FDD-49EA-8D00-0A2B56AB0D60}.Debug|Any CPU.Build.0 = Debug|Any CPU
		{0E0F59F1-0FDD-49EA-8D00-0A2B56AB0D60}.Release|Any CPU.ActiveCfg = Release|Any CPU
		{0E0F59F1-0FDD-49EA-8D00-0A2B56AB0D60}.Release|Any CPU.Build.0 = Release|Any CPU
		{A1D0420D-7B70-4E45-B651-878512E5CEF9}.Debug|Any CPU.ActiveCfg = Debug|Any CPU
		{A1D0420D-7B70-4E45-B651-878512E5CEF9}.Debug|Any CPU.Build.0 = Debug|Any CPU
		{A1D0420D-7B70-4E45-B651-878512E5CEF9}.Release|Any CPU.ActiveCfg = Release|Any CPU
		{A1D0420D-7B70-4E45-B651-878512E5CEF9}.Release|Any CPU.Build.0 = Release|Any CPU
		{873A6006-9511-4F14-95C0-2AFB26D4CD4A}.Debug|Any CPU.ActiveCfg = Debug|Any CPU
		{873A6006-9511-4F14-95C0-2AFB26D4CD4A}.Debug|Any CPU.Build.0 = Debug|Any CPU
		{873A6006-9511-4F14-95C0-2AFB26D4CD4A}.Release|Any CPU.ActiveCfg = Release|Any CPU
		{873A6006-9511-4F14-95C0-2AFB26D4CD4A}.Release|Any CPU.Build.0 = Release|Any CPU
		{EC1E2EAB-75E8-4C75-86A0-DDA8D70E8F86}.Debug|Any CPU.ActiveCfg = Debug|Any CPU
		{EC1E2EAB-75E8-4C75-86A0-DDA8D70E8F86}.Debug|Any CPU.Build.0 = Debug|Any CPU
		{EC1E2EAB-75E8-4C75-86A0-DDA8D70E8F86}.Release|Any CPU.ActiveCfg = Release|Any CPU
		{EC1E2EAB-75E8-4C75-86A0-DDA8D70E8F86}.Release|Any CPU.Build.0 = Release|Any CPU
	EndGlobalSection
	GlobalSection(SolutionProperties) = preSolution
		HideSolutionNode = FALSE
	EndGlobalSection
	GlobalSection(NestedProjects) = preSolution
		{56DC0DC5-4E6B-4EF4-95E3-C57627911D57} = {D8A7AAC2-A27C-4E7B-8E3D-B1EF406A7CC9}
		{10EEDA49-7357-4422-B0A9-BE2643B579F0} = {D8A7AAC2-A27C-4E7B-8E3D-B1EF406A7CC9}
		{0E0F59F1-0FDD-49EA-8D00-0A2B56AB0D60} = {D8A7AAC2-A27C-4E7B-8E3D-B1EF406A7CC9}
		{A1D0420D-7B70-4E45-B651-878512E5CEF9} = {9EEA5F48-267F-4555-9C5C-2C849D0297CB}
		{873A6006-9511-4F14-95C0-2AFB26D4CD4A} = {9EEA5F48-267F-4555-9C5C-2C849D0297CB}
		{EC1E2EAB-75E8-4C75-86A0-DDA8D70E8F86} = {9EEA5F48-267F-4555-9C5C-2C849D0297CB}
	EndGlobalSection
	GlobalSection(ExtensibilityGlobals) = postSolution
		SolutionGuid = {53A69617-8B9B-4035-95A3-FA0C582018E4}
	EndGlobalSection
EndGlobal
